
Microsoft Visual Studio Solution File, Format Version 12.00
# Visual Studio 15
VisualStudioVersion = 15.0.28010.2016
MinimumVisualStudioVersion = 10.0.40219.1
Project("{FAE04EC0-301F-11D3-BF4B-00C04F79EFBC}") = "ListViewExample", "ListViewExample\ListViewExample.csproj", "{55C0353D-8554-4607-803A-63E829E1F128}"
EndProject
Global
	GlobalSection(SolutionConfigurationPlatforms) = preSolution
		Debug|Any CPU = Debug|Any CPU
		Release|Any CPU = Release|Any CPU
	EndGlobalSection
	GlobalSection(ProjectConfigurationPlatforms) = postSolution
		{55C0353D-8554-4607-803A-63E829E1F128}.Debug|Any CPU.ActiveCfg = Debug|Any CPU
		{55C0353D-8554-4607-803A-63E829E1F128}.Debug|Any CPU.Build.0 = Debug|Any CPU
		{55C0353D-8554-4607-803A-63E829E1F128}.Debug|Any CPU.Deploy.0 = Debug|Any CPU
		{55C0353D-8554-4607-803A-63E829E1F128}.Release|Any CPU.ActiveCfg = Release|Any CPU
		{55C0353D-8554-4607-803A-63E829E1F128}.Release|Any CPU.Build.0 = Release|Any CPU
		{55C0353D-8554-4607-803A-63E829E1F128}.Release|Any CPU.Deploy.0 = Release|Any CPU
	EndGlobalSection
	GlobalSection(SolutionProperties) = preSolution
		HideSolutionNode = FALSE
	EndGlobalSection
	GlobalSection(ExtensibilityGlobals) = postSolution
		SolutionGuid = {06F797A1-C709-4D84-94D9-640C70A47843}
	EndGlobalSection
EndGlobal
